
Microsoft Visual Studio Solution File, Format Version 12.00
# Visual Studio 15
VisualStudioVersion = 15.0.28010.2036
MinimumVisualStudioVersion = 10.0.40219.1
Project("{FAE04EC0-301F-11D3-BF4B-00C04F79EFBC}") = "Btlop", "Btlop\Btlop.csproj", "{C86C8841-330E-4EF0-9A1D-30B3258C7810}"
EndProject
Global
	GlobalSection(SolutionConfigurationPlatforms) = preSolution
		Debug|Any CPU = Debug|Any CPU
		Release|Any CPU = Release|Any CPU
	EndGlobalSection
	GlobalSection(ProjectConfigurationPlatforms) = postSolution
		{C86C8841-330E-4EF0-9A1D-30B3258C7810}.Debug|Any CPU.ActiveCfg = Debug|Any CPU
		{C86C8841-330E-4EF0-9A1D-30B3258C7810}.Debug|Any CPU.Build.0 = Debug|Any CPU
		{C86C8841-330E-4EF0-9A1D-30B3258C7810}.Release|Any CPU.ActiveCfg = Release|Any CPU
		{C86C8841-330E-4EF0-9A1D-30B3258C7810}.Release|Any CPU.Build.0 = Release|Any CPU
	EndGlobalSection
	GlobalSection(SolutionProperties) = preSolution
		HideSolutionNode = FALSE
	EndGlobalSection
	GlobalSection(ExtensibilityGlobals) = postSolution
		SolutionGuid = {DE2F2903-DC7A-4CA2-BB72-F977AE2009A4}
	EndGlobalSection
EndGlobal
