
Microsoft Visual Studio Solution File, Format Version 12.00
# Visual Studio 15
VisualStudioVersion = 15.0.28010.2041
MinimumVisualStudioVersion = 10.0.40219.1
Project("{FAE04EC0-301F-11D3-BF4B-00C04F79EFBC}") = "BTL-TH3-Duy", "BTL\BTL-TH3-Duy.csproj", "{A626C747-4BE5-49D6-B0C6-426817509E1E}"
EndProject
Global
	GlobalSection(SolutionConfigurationPlatforms) = preSolution
		Debug|Any CPU = Debug|Any CPU
		Release|Any CPU = Release|Any CPU
	EndGlobalSection
	GlobalSection(ProjectConfigurationPlatforms) = postSolution
		{A626C747-4BE5-49D6-B0C6-426817509E1E}.Debug|Any CPU.ActiveCfg = Debug|Any CPU
		{A626C747-4BE5-49D6-B0C6-426817509E1E}.Debug|Any CPU.Build.0 = Debug|Any CPU
		{A626C747-4BE5-49D6-B0C6-426817509E1E}.Release|Any CPU.ActiveCfg = Release|Any CPU
		{A626C747-4BE5-49D6-B0C6-426817509E1E}.Release|Any CPU.Build.0 = Release|Any CPU
	EndGlobalSection
	GlobalSection(SolutionProperties) = preSolution
		HideSolutionNode = FALSE
	EndGlobalSection
	GlobalSection(ExtensibilityGlobals) = postSolution
		SolutionGuid = {96CC95AD-00A5-4439-9249-956DDD54B93A}
	EndGlobalSection
EndGlobal
